// !$*UTF8*$!
{
	archiveVersion = 1;
	classes = {
	};
	objectVersion = 46;
	objects = {

/* Begin PBXBuildFile section */
		2827BCDD1E053D2E00B59799 /* AnimationManager.swift in Sources */ = {isa = PBXBuildFile; fileRef = 2827BCDC1E053D2E00B59799 /* AnimationManager.swift */; };
		287601AD1E031596006BFC7F /* Deque.swift in Sources */ = {isa = PBXBuildFile; fileRef = 287601AC1E031596006BFC7F /* Deque.swift */; };
		287601B01E03262C006BFC7F /* SkewBinomialHeap.swift in Sources */ = {isa = PBXBuildFile; fileRef = 287601AF1E03262C006BFC7F /* SkewBinomialHeap.swift */; };
		287601B21E0326CC006BFC7F /* BrodalPriorityQueue.swift in Sources */ = {isa = PBXBuildFile; fileRef = 287601B11E0326CC006BFC7F /* BrodalPriorityQueue.swift */; };
		287601B61E033A19006BFC7F /* SkewBinomialHeapWithAnimation.swift in Sources */ = {isa = PBXBuildFile; fileRef = 287601B51E033A19006BFC7F /* SkewBinomialHeapWithAnimation.swift */; };
		2882D7F71E09C23F00FE474A /* BrodalPriorityQueueWithAnimation.swift in Sources */ = {isa = PBXBuildFile; fileRef = 2882D7F61E09C23F00FE474A /* BrodalPriorityQueueWithAnimation.swift */; };
		288C603B1E08433D00659633 /* SpeedView.swift in Sources */ = {isa = PBXBuildFile; fileRef = 288C603A1E08433C00659633 /* SpeedView.swift */; };
		28F43BF91DE17EC800BD633C /* AppDelegate.swift in Sources */ = {isa = PBXBuildFile; fileRef = 28F43BF81DE17EC800BD633C /* AppDelegate.swift */; };
		28F43BFB1DE17EC800BD633C /* ViewController.swift in Sources */ = {isa = PBXBuildFile; fileRef = 28F43BFA1DE17EC800BD633C /* ViewController.swift */; };
		28F43BFE1DE17EC800BD633C /* Main.storyboard in Resources */ = {isa = PBXBuildFile; fileRef = 28F43BFC1DE17EC800BD633C /* Main.storyboard */; };
		28F43C001DE17EC800BD633C /* Assets.xcassets in Resources */ = {isa = PBXBuildFile; fileRef = 28F43BFF1DE17EC800BD633C /* Assets.xcassets */; };
		28F43C031DE17EC800BD633C /* LaunchScreen.storyboard in Resources */ = {isa = PBXBuildFile; fileRef = 28F43C011DE17EC800BD633C /* LaunchScreen.storyboard */; };
/* End PBXBuildFile section */

/* Begin PBXFileReference section */
		2827BCDC1E053D2E00B59799 /* AnimationManager.swift */ = {isa = PBXFileReference; fileEncoding = 4; lastKnownFileType = sourcecode.swift; path = AnimationManager.swift; sourceTree = "<group>"; };
		287601AC1E031596006BFC7F /* Deque.swift */ = {isa = PBXFileReference; fileEncoding = 4; lastKnownFileType = sourcecode.swift; path = Deque.swift; sourceTree = "<group>"; };
		287601AE1E0315F0006BFC7F /* MyPlayground.playground */ = {isa = PBXFileReference; lastKnownFileType = file.playground; path = MyPlayground.playground; sourceTree = "<group>"; };
		287601AF1E03262C006BFC7F /* SkewBinomialHeap.swift */ = {isa = PBXFileReference; fileEncoding = 4; lastKnownFileType = sourcecode.swift; path = SkewBinomialHeap.swift; sourceTree = "<group>"; };
		287601B11E0326CC006BFC7F /* BrodalPriorityQueue.swift */ = {isa = PBXFileReference; fileEncoding = 4; lastKnownFileType = sourcecode.swift; path = BrodalPriorityQueue.swift; sourceTree = "<group>"; };
		287601B51E033A19006BFC7F /* SkewBinomialHeapWithAnimation.swift */ = {isa = PBXFileReference; fileEncoding = 4; lastKnownFileType = sourcecode.swift; path = SkewBinomialHeapWithAnimation.swift; sourceTree = "<group>"; };
		2882D7F61E09C23F00FE474A /* BrodalPriorityQueueWithAnimation.swift */ = {isa = PBXFileReference; fileEncoding = 4; lastKnownFileType = sourcecode.swift; path = BrodalPriorityQueueWithAnimation.swift; sourceTree = "<group>"; };
		288C603A1E08433C00659633 /* SpeedView.swift */ = {isa = PBXFileReference; fileEncoding = 4; lastKnownFileType = sourcecode.swift; path = SpeedView.swift; sourceTree = "<group>"; };
		28F43BF51DE17EC800BD633C /* forest.app */ = {isa = PBXFileReference; explicitFileType = wrapper.application; includeInIndex = 0; path = forest.app; sourceTree = BUILT_PRODUCTS_DIR; };
		28F43BF81DE17EC800BD633C /* AppDelegate.swift */ = {isa = PBXFileReference; lastKnownFileType = sourcecode.swift; path = AppDelegate.swift; sourceTree = "<group>"; };
		28F43BFA1DE17EC800BD633C /* ViewController.swift */ = {isa = PBXFileReference; lastKnownFileType = sourcecode.swift; path = ViewController.swift; sourceTree = "<group>"; };
		28F43BFD1DE17EC800BD633C /* Base */ = {isa = PBXFileReference; lastKnownFileType = file.storyboard; name = Base; path = Base.lproj/Main.storyboard; sourceTree = "<group>"; };
		28F43BFF1DE17EC800BD633C /* Assets.xcassets */ = {isa = PBXFileReference; lastKnownFileType = folder.assetcatalog; path = Assets.xcassets; sourceTree = "<group>"; };
		28F43C021DE17EC800BD633C /* Base */ = {isa = PBXFileReference; lastKnownFileType = file.storyboard; name = Base; path = Base.lproj/LaunchScreen.storyboard; sourceTree = "<group>"; };
		28F43C041DE17EC800BD633C /* Info.plist */ = {isa = PBXFileReference; lastKnownFileType = text.plist.xml; path = Info.plist; sourceTree = "<group>"; };
/* End PBXFileReference section */

/* Begin PBXFrameworksBuildPhase section */
		28F43BF21DE17EC700BD633C /* Frameworks */ = {
			isa = PBXFrameworksBuildPhase;
			buildActionMask = 2147483647;
			files = (
			);
			runOnlyForDeploymentPostprocessing = 0;
		};
/* End PBXFrameworksBuildPhase section */

/* Begin PBXGroup section */
		2882D7F81E09C26F00FE474A /* Application */ = {
			isa = PBXGroup;
			children = (
				28F43BFC1DE17EC800BD633C /* Main.storyboard */,
				28F43BFF1DE17EC800BD633C /* Assets.xcassets */,
				28F43C011DE17EC800BD633C /* LaunchScreen.storyboard */,
				28F43C041DE17EC800BD633C /* Info.plist */,
				287601AE1E0315F0006BFC7F /* MyPlayground.playground */,
				28F43BF81DE17EC800BD633C /* AppDelegate.swift */,
				28F43BFA1DE17EC800BD633C /* ViewController.swift */,
			);
			name = Application;
			sourceTree = "<group>";
		};
		2882D7F91E09C27C00FE474A /* Data structures */ = {
			isa = PBXGroup;
			children = (
				287601AC1E031596006BFC7F /* Deque.swift */,
				287601AF1E03262C006BFC7F /* SkewBinomialHeap.swift */,
				287601B11E0326CC006BFC7F /* BrodalPriorityQueue.swift */,
			);
			name = "Data structures";
			sourceTree = "<group>";
		};
		2882D7FA1E09C28D00FE474A /* Animations */ = {
			isa = PBXGroup;
			children = (
				2882D7F61E09C23F00FE474A /* BrodalPriorityQueueWithAnimation.swift */,
				287601B51E033A19006BFC7F /* SkewBinomialHeapWithAnimation.swift */,
				2827BCDC1E053D2E00B59799 /* AnimationManager.swift */,
			);
			name = Animations;
			sourceTree = "<group>";
		};
		28F43BEC1DE17EC700BD633C = {
			isa = PBXGroup;
			children = (
				28F43BF71DE17EC800BD633C /* forest */,
				28F43BF61DE17EC800BD633C /* Products */,
			);
			sourceTree = "<group>";
		};
		28F43BF61DE17EC800BD633C /* Products */ = {
			isa = PBXGroup;
			children = (
				28F43BF51DE17EC800BD633C /* forest.app */,
			);
			name = Products;
			sourceTree = "<group>";
		};
		28F43BF71DE17EC800BD633C /* forest */ = {
			isa = PBXGroup;
			children = (
				2882D7F81E09C26F00FE474A /* Application */,
				2882D7FA1E09C28D00FE474A /* Animations */,
				2882D7F91E09C27C00FE474A /* Data structures */,
				288C603A1E08433C00659633 /* SpeedView.swift */,
			);
			path = forest;
			sourceTree = "<group>";
		};
/* End PBXGroup section */

/* Begin PBXNativeTarget section */
		28F43BF41DE17EC700BD633C /* forest */ = {
			isa = PBXNativeTarget;
			buildConfigurationList = 28F43C071DE17EC800BD633C /* Build configuration list for PBXNativeTarget "forest" */;
			buildPhases = (
				28F43BF11DE17EC700BD633C /* Sources */,
				28F43BF21DE17EC700BD633C /* Frameworks */,
				28F43BF31DE17EC700BD633C /* Resources */,
			);
			buildRules = (
			);
			dependencies = (
			);
			name = forest;
			productName = forest;
			productReference = 28F43BF51DE17EC800BD633C /* forest.app */;
			productType = "com.apple.product-type.application";
		};
/* End PBXNativeTarget section */

/* Begin PBXProject section */
		28F43BED1DE17EC700BD633C /* Project object */ = {
			isa = PBXProject;
			attributes = {
				LastSwiftUpdateCheck = 0800;
				LastUpgradeCheck = 0800;
				ORGANIZATIONNAME = olderor;
				TargetAttributes = {
					28F43BF41DE17EC700BD633C = {
						CreatedOnToolsVersion = 8.0;
						DevelopmentTeam = EPN9E85A8Z;
						ProvisioningStyle = Automatic;
					};
				};
			};
			buildConfigurationList = 28F43BF01DE17EC700BD633C /* Build configuration list for PBXProject "forest" */;
			compatibilityVersion = "Xcode 3.2";
			developmentRegion = English;
			hasScannedForEncodings = 0;
			knownRegions = (
				en,
				Base,
			);
			mainGroup = 28F43BEC1DE17EC700BD633C;
			productRefGroup = 28F43BF61DE17EC800BD633C /* Products */;
			projectDirPath = "";
			projectRoot = "";
			targets = (
				28F43BF41DE17EC700BD633C /* forest */,
			);
		};
/* End PBXProject section */

/* Begin PBXResourcesBuildPhase section */
		28F43BF31DE17EC700BD633C /* Resources */ = {
			isa = PBXResourcesBuildPhase;
			buildActionMask = 2147483647;
			files = (
				28F43C031DE17EC800BD633C /* LaunchScreen.storyboard in Resources */,
				28F43C001DE17EC800BD633C /* Assets.xcassets in Resources */,
				28F43BFE1DE17EC800BD633C /* Main.storyboard in Resources */,
			);
			runOnlyForDeploymentPostprocessing = 0;
		};
/* End PBXResourcesBuildPhase section */

/* Begin PBXSourcesBuildPhase section */
		28F43BF11DE17EC700BD633C /* Sources */ = {
			isa = PBXSourcesBuildPhase;
			buildActionMask = 2147483647;
			files = (
				287601B01E03262C006BFC7F /* SkewBinomialHeap.swift in Sources */,
				28F43BFB1DE17EC800BD633C /* ViewController.swift in Sources */,
				287601B61E033A19006BFC7F /* SkewBinomialHeapWithAnimation.swift in Sources */,
				2827BCDD1E053D2E00B59799 /* AnimationManager.swift in Sources */,
				2882D7F71E09C23F00FE474A /* BrodalPriorityQueueWithAnimation.swift in Sources */,
				287601B21E0326CC006BFC7F /* BrodalPriorityQueue.swift in Sources */,
				28F43BF91DE17EC800BD633C /* AppDelegate.swift in Sources */,
				288C603B1E08433D00659633 /* SpeedView.swift in Sources */,
				287601AD1E031596006BFC7F /* Deque.swift in Sources */,
			);
			runOnlyForDeploymentPostprocessing = 0;
		};
/* End PBXSourcesBuildPhase section */

/* Begin PBXVariantGroup section */
		28F43BFC1DE17EC800BD633C /* Main.storyboard */ = {
			isa = PBXVariantGroup;
			children = (
				28F43BFD1DE17EC800BD633C /* Base */,
			);
			name = Main.storyboard;
			sourceTree = "<group>";
		};
		28F43C011DE17EC800BD633C /* LaunchScreen.storyboard */ = {
			isa = PBXVariantGroup;
			children = (
				28F43C021DE17EC800BD633C /* Base */,
			);
			name = LaunchScreen.storyboard;
			sourceTree = "<group>";
		};
/* End PBXVariantGroup section */

/* Begin XCBuildConfiguration section */
		28F43C051DE17EC800BD633C /* Debug */ = {
			isa = XCBuildConfiguration;
			buildSettings = {
				ALWAYS_SEARCH_USER_PATHS = NO;
				CLANG_ANALYZER_NONNULL = YES;
				CLANG_CXX_LANGUAGE_STANDARD = "gnu++0x";
				CLANG_CXX_LIBRARY = "libc++";
				CLANG_ENABLE_MODULES = YES;
				CLANG_ENABLE_OBJC_ARC = YES;
				CLANG_WARN_BOOL_CONVERSION = YES;
				CLANG_WARN_CONSTANT_CONVERSION = YES;
				CLANG_WARN_DIRECT_OBJC_ISA_USAGE = YES_ERROR;
				CLANG_WARN_DOCUMENTATION_COMMENTS = YES;
				CLANG_WARN_EMPTY_BODY = YES;
				CLANG_WARN_ENUM_CONVERSION = YES;
				CLANG_WARN_INFINITE_RECURSION = YES;
				CLANG_WARN_INT_CONVERSION = YES;
				CLANG_WARN_OBJC_ROOT_CLASS = YES_ERROR;
				CLANG_WARN_SUSPICIOUS_MOVES = YES;
				CLANG_WARN_UNREACHABLE_CODE = YES;
				CLANG_WARN__DUPLICATE_METHOD_MATCH = YES;
				"CODE_SIGN_IDENTITY[sdk=iphoneos*]" = "iPhone Developer";
				COPY_PHASE_STRIP = NO;
				DEBUG_INFORMATION_FORMAT = dwarf;
				ENABLE_STRICT_OBJC_MSGSEND = YES;
				ENABLE_TESTABILITY = YES;
				GCC_C_LANGUAGE_STANDARD = gnu99;
				GCC_DYNAMIC_NO_PIC = NO;
				GCC_NO_COMMON_BLOCKS = YES;
				GCC_OPTIMIZATION_LEVEL = 0;
				GCC_PREPROCESSOR_DEFINITIONS = (
					"DEBUG=1",
					"$(inherited)",
				);
				GCC_WARN_64_TO_32_BIT_CONVERSION = YES;
				GCC_WARN_ABOUT_RETURN_TYPE = YES_ERROR;
				GCC_WARN_UNDECLARED_SELECTOR = YES;
				GCC_WARN_UNINITIALIZED_AUTOS = YES_AGGRESSIVE;
				GCC_WARN_UNUSED_FUNCTION = YES;
				GCC_WARN_UNUSED_VARIABLE = YES;
				IPHONEOS_DEPLOYMENT_TARGET = 10.0;
				MTL_ENABLE_DEBUG_INFO = YES;
				ONLY_ACTIVE_ARCH = YES;
				SDKROOT = iphoneos;
				SWIFT_ACTIVE_COMPILATION_CONDITIONS = DEBUG;
				SWIFT_OPTIMIZATION_LEVEL = "-Onone";
				TARGETED_DEVICE_FAMILY = "1,2";
			};
			name = Debug;
		};
		28F43C061DE17EC800BD633C /* Release */ = {
			isa = XCBuildConfiguration;
			buildSettings = {
				ALWAYS_SEARCH_USER_PATHS = NO;
				CLANG_ANALYZER_NONNULL = YES;
				CLANG_CXX_LANGUAGE_STANDARD = "gnu++0x";
				CLANG_CXX_LIBRARY = "libc++";
				CLANG_ENABLE_MODULES = YES;
				CLANG_ENABLE_OBJC_ARC = YES;
				CLANG_WARN_BOOL_CONVERSION = YES;
				CLANG_WARN_CONSTANT_CONVERSION = YES;
				CLANG_WARN_DIRECT_OBJC_ISA_USAGE = YES_ERROR;
				CLANG_WARN_DOCUMENTATION_COMMENTS = YES;
				CLANG_WARN_EMPTY_BODY = YES;
				CLANG_WARN_ENUM_CONVERSION = YES;
				CLANG_WARN_INFINITE_RECURSION = YES;
				CLANG_WARN_INT_CONVERSION = YES;
				CLANG_WARN_OBJC_ROOT_CLASS = YES_ERROR;
				CLANG_WARN_SUSPICIOUS_MOVES = YES;
				CLANG_WARN_UNREACHABLE_CODE = YES;
				CLANG_WARN__DUPLICATE_METHOD_MATCH = YES;
				"CODE_SIGN_IDENTITY[sdk=iphoneos*]" = "iPhone Developer";
				COPY_PHASE_STRIP = NO;
				DEBUG_INFORMATION_FORMAT = "dwarf-with-dsym";
				ENABLE_NS_ASSERTIONS = NO;
				ENABLE_STRICT_OBJC_MSGSEND = YES;
				GCC_C_LANGUAGE_STANDARD = gnu99;
				GCC_NO_COMMON_BLOCKS = YES;
				GCC_WARN_64_TO_32_BIT_CONVERSION = YES;
				GCC_WARN_ABOUT_RETURN_TYPE = YES_ERROR;
				GCC_WARN_UNDECLARED_SELECTOR = YES;
				GCC_WARN_UNINITIALIZED_AUTOS = YES_AGGRESSIVE;
				GCC_WARN_UNUSED_FUNCTION = YES;
				GCC_WARN_UNUSED_VARIABLE = YES;
				IPHONEOS_DEPLOYMENT_TARGET = 10.0;
				MTL_ENABLE_DEBUG_INFO = NO;
				SDKROOT = iphoneos;
				SWIFT_OPTIMIZATION_LEVEL = "-Owholemodule";
				TARGETED_DEVICE_FAMILY = "1,2";
				VALIDATE_PRODUCT = YES;
			};
			name = Release;
		};
		28F43C081DE17EC800BD633C /* Debug */ = {
			isa = XCBuildConfiguration;
			buildSettings = {
				ASSETCATALOG_COMPILER_APPICON_NAME = AppIcon;
				DEVELOPMENT_TEAM = EPN9E85A8Z;
				INFOPLIST_FILE = forest/Info.plist;
				IPHONEOS_DEPLOYMENT_TARGET = 9.0;
				LD_RUNPATH_SEARCH_PATHS = "$(inherited) @executable_path/Frameworks";
				PRODUCT_BUNDLE_IDENTIFIER = com.olderor.forest;
				PRODUCT_NAME = "$(TARGET_NAME)";
				SWIFT_VERSION = 3.0;
			};
			name = Debug;
		};
		28F43C091DE17EC800BD633C /* Release */ = {
			isa = XCBuildConfiguration;
			buildSettings = {
				ASSETCATALOG_COMPILER_APPICON_NAME = AppIcon;
				DEVELOPMENT_TEAM = EPN9E85A8Z;
				INFOPLIST_FILE = forest/Info.plist;
				IPHONEOS_DEPLOYMENT_TARGET = 9.0;
				LD_RUNPATH_SEARCH_PATHS = "$(inherited) @executable_path/Frameworks";
				PRODUCT_BUNDLE_IDENTIFIER = com.olderor.forest;
				PRODUCT_NAME = "$(TARGET_NAME)";
				SWIFT_VERSION = 3.0;
			};
			name = Release;
		};
/* End XCBuildConfiguration section */

/* Begin XCConfigurationList section */
		28F43BF01DE17EC700BD633C /* Build configuration list for PBXProject "forest" */ = {
			isa = XCConfigurationList;
			buildConfigurations = (
				28F43C051DE17EC800BD633C /* Debug */,
				28F43C061DE17EC800BD633C /* Release */,
			);
			defaultConfigurationIsVisible = 0;
			defaultConfigurationName = Release;
		};
		28F43C071DE17EC800BD633C /* Build configuration list for PBXNativeTarget "forest" */ = {
			isa = XCConfigurationList;
			buildConfigurations = (
				28F43C081DE17EC800BD633C /* Debug */,
				28F43C091DE17EC800BD633C /* Release */,
			);
			defaultConfigurationIsVisible = 0;
			defaultConfigurationName = Release;
		};
/* End XCConfigurationList section */
	};
	rootObject = 28F43BED1DE17EC700BD633C /* Project object */;
}
